// !$*UTF8*$!
{
	archiveVersion = 1;
	classes = {
	};
	objectVersion = 55;
	objects = {

/* Begin PBXBuildFile section */
		32AFF66E272AEA7F0046837F /* Video.swift in Sources */ = {isa = PBXBuildFile; fileRef = 32AFF66D272AEA7F0046837F /* Video.swift */; };
		32AFF670272AEE270046837F /* VideosListView.swift in Sources */ = {isa = PBXBuildFile; fileRef = 32AFF66F272AEE270046837F /* VideosListView.swift */; };
		32AFF672272AF3C00046837F /* WebView.swift in Sources */ = {isa = PBXBuildFile; fileRef = 32AFF671272AF3C00046837F /* WebView.swift */; };
		32AFF674272AF6110046837F /* ScoreView.swift in Sources */ = {isa = PBXBuildFile; fileRef = 32AFF673272AF6110046837F /* ScoreView.swift */; };
		32F4B4BB2729E9A500D586A3 /* App04_TMDBApp.swift in Sources */ = {isa = PBXBuildFile; fileRef = 32F4B4BA2729E9A500D586A3 /* App04_TMDBApp.swift */; };
		32F4B4BD2729E9A500D586A3 /* TMDBView.swift in Sources */ = {isa = PBXBuildFile; fileRef = 32F4B4BC2729E9A500D586A3 /* TMDBView.swift */; };
		32F4B4BF2729E9A600D586A3 /* Assets.xcassets in Resources */ = {isa = PBXBuildFile; fileRef = 32F4B4BE2729E9A600D586A3 /* Assets.xcassets */; };
		32F4B4C22729E9A600D586A3 /* Preview Assets.xcassets in Resources */ = {isa = PBXBuildFile; fileRef = 32F4B4C12729E9A600D586A3 /* Preview Assets.xcassets */; };
		32F4B4CA2729ECD800D586A3 /* Alamofire in Frameworks */ = {isa = PBXBuildFile; productRef = 32F4B4C92729ECD800D586A3 /* Alamofire */; };
		32F4B4CC2729EDC400D586A3 /* SwiftyJSON.swift in Sources */ = {isa = PBXBuildFile; fileRef = 32F4B4CB2729EDC400D586A3 /* SwiftyJSON.swift */; };
		32F4B4CF2729EE7B00D586A3 /* Kingfisher in Frameworks */ = {isa = PBXBuildFile; productRef = 32F4B4CE2729EE7B00D586A3 /* Kingfisher */; };
		32F4B4D22729EFBA00D586A3 /* Media.swift in Sources */ = {isa = PBXBuildFile; fileRef = 32F4B4D12729EFBA00D586A3 /* Media.swift */; };
		32F4B4D42729F1CF00D586A3 /* MediaModel.swift in Sources */ = {isa = PBXBuildFile; fileRef = 32F4B4D32729F1CF00D586A3 /* MediaModel.swift */; };
		32F4B4D62729F27B00D586A3 /* TMDB.swift in Sources */ = {isa = PBXBuildFile; fileRef = 32F4B4D52729F27B00D586A3 /* TMDB.swift */; };
		32F4B4D82729FEC700D586A3 /* MediaDetailView.swift in Sources */ = {isa = PBXBuildFile; fileRef = 32F4B4D72729FEC700D586A3 /* MediaDetailView.swift */; };
		32F4B4DA272A005900D586A3 /* MoviesView.swift in Sources */ = {isa = PBXBuildFile; fileRef = 32F4B4D9272A005900D586A3 /* MoviesView.swift */; };
		32F4B4DC272A01EE00D586A3 /* SeriesView.swift in Sources */ = {isa = PBXBuildFile; fileRef = 32F4B4DB272A01EE00D586A3 /* SeriesView.swift */; };
/* End PBXBuildFile section */

/* Begin PBXFileReference section */
		32AFF66D272AEA7F0046837F /* Video.swift */ = {isa = PBXFileReference; lastKnownFileType = sourcecode.swift; path = Video.swift; sourceTree = "<group>"; };
		32AFF66F272AEE270046837F /* VideosListView.swift */ = {isa = PBXFileReference; lastKnownFileType = sourcecode.swift; path = VideosListView.swift; sourceTree = "<group>"; };
		32AFF671272AF3C00046837F /* WebView.swift */ = {isa = PBXFileReference; lastKnownFileType = sourcecode.swift; path = WebView.swift; sourceTree = "<group>"; };
		32AFF673272AF6110046837F /* ScoreView.swift */ = {isa = PBXFileReference; lastKnownFileType = sourcecode.swift; path = ScoreView.swift; sourceTree = "<group>"; };
		32F4B4B72729E9A500D586A3 /* App04-TMDB.app */ = {isa = PBXFileReference; explicitFileType = wrapper.application; includeInIndex = 0; path = "App04-TMDB.app"; sourceTree = BUILT_PRODUCTS_DIR; };
		32F4B4BA2729E9A500D586A3 /* App04_TMDBApp.swift */ = {isa = PBXFileReference; lastKnownFileType = sourcecode.swift; path = App04_TMDBApp.swift; sourceTree = "<group>"; };
		32F4B4BC2729E9A500D586A3 /* TMDBView.swift */ = {isa = PBXFileReference; lastKnownFileType = sourcecode.swift; path = TMDBView.swift; sourceTree = "<group>"; };
		32F4B4BE2729E9A600D586A3 /* Assets.xcassets */ = {isa = PBXFileReference; lastKnownFileType = folder.assetcatalog; path = Assets.xcassets; sourceTree = "<group>"; };
		32F4B4C12729E9A600D586A3 /* Preview Assets.xcassets */ = {isa = PBXFileReference; lastKnownFileType = folder.assetcatalog; path = "Preview Assets.xcassets"; sourceTree = "<group>"; };
		32F4B4CB2729EDC400D586A3 /* SwiftyJSON.swift */ = {isa = PBXFileReference; fileEncoding = 4; lastKnownFileType = sourcecode.swift; path = SwiftyJSON.swift; sourceTree = "<group>"; };
		32F4B4D12729EFBA00D586A3 /* Media.swift */ = {isa = PBXFileReference; lastKnownFileType = sourcecode.swift; path = Media.swift; sourceTree = "<group>"; };
		32F4B4D32729F1CF00D586A3 /* MediaModel.swift */ = {isa = PBXFileReference; lastKnownFileType = sourcecode.swift; path = MediaModel.swift; sourceTree = "<group>"; };
		32F4B4D52729F27B00D586A3 /* TMDB.swift */ = {isa = PBXFileReference; lastKnownFileType = sourcecode.swift; path = TMDB.swift; sourceTree = "<group>"; };
		32F4B4D72729FEC700D586A3 /* MediaDetailView.swift */ = {isa = PBXFileReference; lastKnownFileType = sourcecode.swift; path = MediaDetailView.swift; sourceTree = "<group>"; };
		32F4B4D9272A005900D586A3 /* MoviesView.swift */ = {isa = PBXFileReference; lastKnownFileType = sourcecode.swift; path = MoviesView.swift; sourceTree = "<group>"; };
		32F4B4DB272A01EE00D586A3 /* SeriesView.swift */ = {isa = PBXFileReference; lastKnownFileType = sourcecode.swift; path = SeriesView.swift; sourceTree = "<group>"; };
/* End PBXFileReference section */

/* Begin PBXFrameworksBuildPhase section */
		32F4B4B42729E9A500D586A3 /* Frameworks */ = {
			isa = PBXFrameworksBuildPhase;
			buildActionMask = 2147483647;
			files = (
				32F4B4CF2729EE7B00D586A3 /* Kingfisher in Frameworks */,
				32F4B4CA2729ECD800D586A3 /* Alamofire in Frameworks */,
			);
			runOnlyForDeploymentPostprocessing = 0;
		};
/* End PBXFrameworksBuildPhase section */

/* Begin PBXGroup section */
		32F4B4AE2729E9A500D586A3 = {
			isa = PBXGroup;
			children = (
				32F4B4B92729E9A500D586A3 /* App04-TMDB */,
				32F4B4B82729E9A500D586A3 /* Products */,
			);
			sourceTree = "<group>";
		};
		32F4B4B82729E9A500D586A3 /* Products */ = {
			isa = PBXGroup;
			children = (
				32F4B4B72729E9A500D586A3 /* App04-TMDB.app */,
			);
			name = Products;
			sourceTree = "<group>";
		};
		32F4B4B92729E9A500D586A3 /* App04-TMDB */ = {
			isa = PBXGroup;
			children = (
				32F4B4D02729EF8900D586A3 /* Model */,
				32F4B4BA2729E9A500D586A3 /* App04_TMDBApp.swift */,
				32F4B4BC2729E9A500D586A3 /* TMDBView.swift */,
				32F4B4D72729FEC700D586A3 /* MediaDetailView.swift */,
				32F4B4D9272A005900D586A3 /* MoviesView.swift */,
				32F4B4DB272A01EE00D586A3 /* SeriesView.swift */,
				32AFF66F272AEE270046837F /* VideosListView.swift */,
				32AFF671272AF3C00046837F /* WebView.swift */,
				32AFF673272AF6110046837F /* ScoreView.swift */,
				32F4B4D52729F27B00D586A3 /* TMDB.swift */,
				32F4B4BE2729E9A600D586A3 /* Assets.xcassets */,
				32F4B4CB2729EDC400D586A3 /* SwiftyJSON.swift */,
				32F4B4C02729E9A600D586A3 /* Preview Content */,
			);
			path = "App04-TMDB";
			sourceTree = "<group>";
		};
		32F4B4C02729E9A600D586A3 /* Preview Content */ = {
			isa = PBXGroup;
			children = (
				32F4B4C12729E9A600D586A3 /* Preview Assets.xcassets */,
			);
			path = "Preview Content";
			sourceTree = "<group>";
		};
		32F4B4D02729EF8900D586A3 /* Model */ = {
			isa = PBXGroup;
			children = (
				32F4B4D12729EFBA00D586A3 /* Media.swift */,
				32AFF66D272AEA7F0046837F /* Video.swift */,
				32F4B4D32729F1CF00D586A3 /* MediaModel.swift */,
			);
			path = Model;
			sourceTree = "<group>";
		};
/* End PBXGroup section */

/* Begin PBXNativeTarget section */
		32F4B4B62729E9A500D586A3 /* App04-TMDB */ = {
			isa = PBXNativeTarget;
			buildConfigurationList = 32F4B4C52729E9A600D586A3 /* Build configuration list for PBXNativeTarget "App04-TMDB" */;
			buildPhases = (
				32F4B4B32729E9A500D586A3 /* Sources */,
				32F4B4B42729E9A500D586A3 /* Frameworks */,
				32F4B4B52729E9A500D586A3 /* Resources */,
			);
			buildRules = (
			);
			dependencies = (
			);
			name = "App04-TMDB";
			packageProductDependencies = (
				32F4B4C92729ECD800D586A3 /* Alamofire */,
				32F4B4CE2729EE7B00D586A3 /* Kingfisher */,
			);
			productName = "App04-TMDB";
			productReference = 32F4B4B72729E9A500D586A3 /* App04-TMDB.app */;
			productType = "com.apple.product-type.application";
		};
/* End PBXNativeTarget section */

/* Begin PBXProject section */
		32F4B4AF2729E9A500D586A3 /* Project object */ = {
			isa = PBXProject;
			attributes = {
				BuildIndependentTargetsInParallel = 1;
				LastSwiftUpdateCheck = 1310;
				LastUpgradeCheck = 1310;
				TargetAttributes = {
					32F4B4B62729E9A500D586A3 = {
						CreatedOnToolsVersion = 13.1;
					};
				};
			};
			buildConfigurationList = 32F4B4B22729E9A500D586A3 /* Build configuration list for PBXProject "App04-TMDB" */;
			compatibilityVersion = "Xcode 13.0";
			developmentRegion = en;
			hasScannedForEncodings = 0;
			knownRegions = (
				en,
				Base,
			);
			mainGroup = 32F4B4AE2729E9A500D586A3;
			packageReferences = (
				32F4B4C82729ECD800D586A3 /* XCRemoteSwiftPackageReference "Alamofire" */,
				32F4B4CD2729EE7B00D586A3 /* XCRemoteSwiftPackageReference "Kingfisher" */,
			);
			productRefGroup = 32F4B4B82729E9A500D586A3 /* Products */;
			projectDirPath = "";
			projectRoot = "";
			targets = (
				32F4B4B62729E9A500D586A3 /* App04-TMDB */,
			);
		};
/* End PBXProject section */

/* Begin PBXResourcesBuildPhase section */
		32F4B4B52729E9A500D586A3 /* Resources */ = {
			isa = PBXResourcesBuildPhase;
			buildActionMask = 2147483647;
			files = (
				32F4B4C22729E9A600D586A3 /* Preview Assets.xcassets in Resources */,
				32F4B4BF2729E9A600D586A3 /* Assets.xcassets in Resources */,
			);
			runOnlyForDeploymentPostprocessing = 0;
		};
/* End PBXResourcesBuildPhase section */

/* Begin PBXSourcesBuildPhase section */
		32F4B4B32729E9A500D586A3 /* Sources */ = {
			isa = PBXSourcesBuildPhase;
			buildActionMask = 2147483647;
			files = (
				32F4B4CC2729EDC400D586A3 /* SwiftyJSON.swift in Sources */,
				32F4B4DA272A005900D586A3 /* MoviesView.swift in Sources */,
				32AFF670272AEE270046837F /* VideosListView.swift in Sources */,
				32F4B4DC272A01EE00D586A3 /* SeriesView.swift in Sources */,
				32F4B4BD2729E9A500D586A3 /* TMDBView.swift in Sources */,
				32F4B4D22729EFBA00D586A3 /* Media.swift in Sources */,
				32F4B4D42729F1CF00D586A3 /* MediaModel.swift in Sources */,
				32F4B4D62729F27B00D586A3 /* TMDB.swift in Sources */,
				32F4B4BB2729E9A500D586A3 /* App04_TMDBApp.swift in Sources */,
				32AFF672272AF3C00046837F /* WebView.swift in Sources */,
				32F4B4D82729FEC700D586A3 /* MediaDetailView.swift in Sources */,
				32AFF674272AF6110046837F /* ScoreView.swift in Sources */,
				32AFF66E272AEA7F0046837F /* Video.swift in Sources */,
			);
			runOnlyForDeploymentPostprocessing = 0;
		};
/* End PBXSourcesBuildPhase section */

/* Begin XCBuildConfiguration section */
		32F4B4C32729E9A600D586A3 /* Debug */ = {
			isa = XCBuildConfiguration;
			buildSettings = {
				ALWAYS_SEARCH_USER_PATHS = NO;
				CLANG_ANALYZER_NONNULL = YES;
				CLANG_ANALYZER_NUMBER_OBJECT_CONVERSION = YES_AGGRESSIVE;
				CLANG_CXX_LANGUAGE_STANDARD = "gnu++17";
				CLANG_CXX_LIBRARY = "libc++";
				CLANG_ENABLE_MODULES = YES;
				CLANG_ENABLE_OBJC_ARC = YES;
				CLANG_ENABLE_OBJC_WEAK = YES;
				CLANG_WARN_BLOCK_CAPTURE_AUTORELEASING = YES;
				CLANG_WARN_BOOL_CONVERSION = YES;
				CLANG_WARN_COMMA = YES;
				CLANG_WARN_CONSTANT_CONVERSION = YES;
				CLANG_WARN_DEPRECATED_OBJC_IMPLEMENTATIONS = YES;
				CLANG_WARN_DIRECT_OBJC_ISA_USAGE = YES_ERROR;
				CLANG_WARN_DOCUMENTATION_COMMENTS = YES;
				CLANG_WARN_EMPTY_BODY = YES;
				CLANG_WARN_ENUM_CONVERSION = YES;
				CLANG_WARN_INFINITE_RECURSION = YES;
				CLANG_WARN_INT_CONVERSION = YES;
				CLANG_WARN_NON_LITERAL_NULL_CONVERSION = YES;
				CLANG_WARN_OBJC_IMPLICIT_RETAIN_SELF = YES;
				CLANG_WARN_OBJC_LITERAL_CONVERSION = YES;
				CLANG_WARN_OBJC_ROOT_CLASS = YES_ERROR;
				CLANG_WARN_QUOTED_INCLUDE_IN_FRAMEWORK_HEADER = YES;
				CLANG_WARN_RANGE_LOOP_ANALYSIS = YES;
				CLANG_WARN_STRICT_PROTOTYPES = YES;
				CLANG_WARN_SUSPICIOUS_MOVE = YES;
				CLANG_WARN_UNGUARDED_AVAILABILITY = YES_AGGRESSIVE;
				CLANG_WARN_UNREACHABLE_CODE = YES;
				CLANG_WARN__DUPLICATE_METHOD_MATCH = YES;
				COPY_PHASE_STRIP = NO;
				DEBUG_INFORMATION_FORMAT = dwarf;
				ENABLE_STRICT_OBJC_MSGSEND = YES;
				ENABLE_TESTABILITY = YES;
				GCC_C_LANGUAGE_STANDARD = gnu11;
				GCC_DYNAMIC_NO_PIC = NO;
				GCC_NO_COMMON_BLOCKS = YES;
				GCC_OPTIMIZATION_LEVEL = 0;
				GCC_PREPROCESSOR_DEFINITIONS = (
					"DEBUG=1",
					"$(inherited)",
				);
				GCC_WARN_64_TO_32_BIT_CONVERSION = YES;
				GCC_WARN_ABOUT_RETURN_TYPE = YES_ERROR;
				GCC_WARN_UNDECLARED_SELECTOR = YES;
				GCC_WARN_UNINITIALIZED_AUTOS = YES_AGGRESSIVE;
				GCC_WARN_UNUSED_FUNCTION = YES;
				GCC_WARN_UNUSED_VARIABLE = YES;
				IPHONEOS_DEPLOYMENT_TARGET = 15.0;
				MTL_ENABLE_DEBUG_INFO = INCLUDE_SOURCE;
				MTL_FAST_MATH = YES;
				ONLY_ACTIVE_ARCH = YES;
				SDKROOT = iphoneos;
				SWIFT_ACTIVE_COMPILATION_CONDITIONS = DEBUG;
				SWIFT_OPTIMIZATION_LEVEL = "-Onone";
			};
			name = Debug;
		};
		32F4B4C42729E9A600D586A3 /* Release */ = {
			isa = XCBuildConfiguration;
			buildSettings = {
				ALWAYS_SEARCH_USER_PATHS = NO;
				CLANG_ANALYZER_NONNULL = YES;
				CLANG_ANALYZER_NUMBER_OBJECT_CONVERSION = YES_AGGRESSIVE;
				CLANG_CXX_LANGUAGE_STANDARD = "gnu++17";
				CLANG_CXX_LIBRARY = "libc++";
				CLANG_ENABLE_MODULES = YES;
				CLANG_ENABLE_OBJC_ARC = YES;
				CLANG_ENABLE_OBJC_WEAK = YES;
				CLANG_WARN_BLOCK_CAPTURE_AUTORELEASING = YES;
				CLANG_WARN_BOOL_CONVERSION = YES;
				CLANG_WARN_COMMA = YES;
				CLANG_WARN_CONSTANT_CONVERSION = YES;
				CLANG_WARN_DEPRECATED_OBJC_IMPLEMENTATIONS = YES;
				CLANG_WARN_DIRECT_OBJC_ISA_USAGE = YES_ERROR;
				CLANG_WARN_DOCUMENTATION_COMMENTS = YES;
				CLANG_WARN_EMPTY_BODY = YES;
				CLANG_WARN_ENUM_CONVERSION = YES;
				CLANG_WARN_INFINITE_RECURSION = YES;
				CLANG_WARN_INT_CONVERSION = YES;
				CLANG_WARN_NON_LITERAL_NULL_CONVERSION = YES;
				CLANG_WARN_OBJC_IMPLICIT_RETAIN_SELF = YES;
				CLANG_WARN_OBJC_LITERAL_CONVERSION = YES;
				CLANG_WARN_OBJC_ROOT_CLASS = YES_ERROR;
				CLANG_WARN_QUOTED_INCLUDE_IN_FRAMEWORK_HEADER = YES;
				CLANG_WARN_RANGE_LOOP_ANALYSIS = YES;
				CLANG_WARN_STRICT_PROTOTYPES = YES;
				CLANG_WARN_SUSPICIOUS_MOVE = YES;
				CLANG_WARN_UNGUARDED_AVAILABILITY = YES_AGGRESSIVE;
				CLANG_WARN_UNREACHABLE_CODE = YES;
				CLANG_WARN__DUPLICATE_METHOD_MATCH = YES;
				COPY_PHASE_STRIP = NO;
				DEBUG_INFORMATION_FORMAT = "dwarf-with-dsym";
				ENABLE_NS_ASSERTIONS = NO;
				ENABLE_STRICT_OBJC_MSGSEND = YES;
				GCC_C_LANGUAGE_STANDARD = gnu11;
				GCC_NO_COMMON_BLOCKS = YES;
				GCC_WARN_64_TO_32_BIT_CONVERSION = YES;
				GCC_WARN_ABOUT_RETURN_TYPE = YES_ERROR;
				GCC_WARN_UNDECLARED_SELECTOR = YES;
				GCC_WARN_UNINITIALIZED_AUTOS = YES_AGGRESSIVE;
				GCC_WARN_UNUSED_FUNCTION = YES;
				GCC_WARN_UNUSED_VARIABLE = YES;
				IPHONEOS_DEPLOYMENT_TARGET = 15.0;
				MTL_ENABLE_DEBUG_INFO = NO;
				MTL_FAST_MATH = YES;
				SDKROOT = iphoneos;
				SWIFT_COMPILATION_MODE = wholemodule;
				SWIFT_OPTIMIZATION_LEVEL = "-O";
				VALIDATE_PRODUCT = YES;
			};
			name = Release;
		};
		32F4B4C62729E9A600D586A3 /* Debug */ = {
			isa = XCBuildConfiguration;
			buildSettings = {
				ASSETCATALOG_COMPILER_APPICON_NAME = AppIcon;
				ASSETCATALOG_COMPILER_GLOBAL_ACCENT_COLOR_NAME = AccentColor;
				CODE_SIGN_STYLE = Automatic;
				CURRENT_PROJECT_VERSION = 1;
				DEVELOPMENT_ASSET_PATHS = "\"App04-TMDB/Preview Content\"";
				DEVELOPMENT_TEAM = J97L2A8AMM;
				ENABLE_PREVIEWS = YES;
				GENERATE_INFOPLIST_FILE = YES;
				INFOPLIST_KEY_UIApplicationSceneManifest_Generation = YES;
				INFOPLIST_KEY_UIApplicationSupportsIndirectInputEvents = YES;
				INFOPLIST_KEY_UILaunchScreen_Generation = YES;
				INFOPLIST_KEY_UISupportedInterfaceOrientations_iPad = "UIInterfaceOrientationPortrait UIInterfaceOrientationPortraitUpsideDown UIInterfaceOrientationLandscapeLeft UIInterfaceOrientationLandscapeRight";
				INFOPLIST_KEY_UISupportedInterfaceOrientations_iPhone = "UIInterfaceOrientationPortrait UIInterfaceOrientationLandscapeLeft UIInterfaceOrientationLandscapeRight";
				LD_RUNPATH_SEARCH_PATHS = (
					"$(inherited)",
					"@executable_path/Frameworks",
				);
				MARKETING_VERSION = 1.0;
				PRODUCT_BUNDLE_IDENTIFIER = "A00189239.App04-TMDB";
				PRODUCT_NAME = "$(TARGET_NAME)";
				SWIFT_EMIT_LOC_STRINGS = YES;
				SWIFT_VERSION = 5.0;
				TARGETED_DEVICE_FAMILY = "1,2";
			};
			name = Debug;
		};
		32F4B4C72729E9A600D586A3 /* Release */ = {
			isa = XCBuildConfiguration;
			buildSettings = {
				ASSETCATALOG_COMPILER_APPICON_NAME = AppIcon;
				ASSETCATALOG_COMPILER_GLOBAL_ACCENT_COLOR_NAME = AccentColor;
				CODE_SIGN_STYLE = Automatic;
				CURRENT_PROJECT_VERSION = 1;
				DEVELOPMENT_ASSET_PATHS = "\"App04-TMDB/Preview Content\"";
				DEVELOPMENT_TEAM = J97L2A8AMM;
				ENABLE_PREVIEWS = YES;
				GENERATE_INFOPLIST_FILE = YES;
				INFOPLIST_KEY_UIApplicationSceneManifest_Generation = YES;
				INFOPLIST_KEY_UIApplicationSupportsIndirectInputEvents = YES;
				INFOPLIST_KEY_UILaunchScreen_Generation = YES;
				INFOPLIST_KEY_UISupportedInterfaceOrientations_iPad = "UIInterfaceOrientationPortrait UIInterfaceOrientationPortraitUpsideDown UIInterfaceOrientationLandscapeLeft UIInterfaceOrientationLandscapeRight";
				INFOPLIST_KEY_UISupportedInterfaceOrientations_iPhone = "UIInterfaceOrientationPortrait UIInterfaceOrientationLandscapeLeft UIInterfaceOrientationLandscapeRight";
				LD_RUNPATH_SEARCH_PATHS = (
					"$(inherited)",
					"@executable_path/Frameworks",
				);
				MARKETING_VERSION = 1.0;
				PRODUCT_BUNDLE_IDENTIFIER = "A00189239.App04-TMDB";
				PRODUCT_NAME = "$(TARGET_NAME)";
				SWIFT_EMIT_LOC_STRINGS = YES;
				SWIFT_VERSION = 5.0;
				TARGETED_DEVICE_FAMILY = "1,2";
			};
			name = Release;
		};
/* End XCBuildConfiguration section */

/* Begin XCConfigurationList section */
		32F4B4B22729E9A500D586A3 /* Build configuration list for PBXProject "App04-TMDB" */ = {
			isa = XCConfigurationList;
			buildConfigurations = (
				32F4B4C32729E9A600D586A3 /* Debug */,
				32F4B4C42729E9A600D586A3 /* Release */,
			);
			defaultConfigurationIsVisible = 0;
			defaultConfigurationName = Release;
		};
		32F4B4C52729E9A600D586A3 /* Build configuration list for PBXNativeTarget "App04-TMDB" */ = {
			isa = XCConfigurationList;
			buildConfigurations = (
				32F4B4C62729E9A600D586A3 /* Debug */,
				32F4B4C72729E9A600D586A3 /* Release */,
			);
			defaultConfigurationIsVisible = 0;
			defaultConfigurationName = Release;
		};
/* End XCConfigurationList section */

/* Begin XCRemoteSwiftPackageReference section */
		32F4B4C82729ECD800D586A3 /* XCRemoteSwiftPackageReference "Alamofire" */ = {
			isa = XCRemoteSwiftPackageReference;
			repositoryURL = "https://github.com/Alamofire/Alamofire.git";
			requirement = {
				kind = upToNextMajorVersion;
				minimumVersion = 5.0.0;
			};
		};
		32F4B4CD2729EE7B00D586A3 /* XCRemoteSwiftPackageReference "Kingfisher" */ = {
			isa = XCRemoteSwiftPackageReference;
			repositoryURL = "https://github.com/onevcat/Kingfisher.git";
			requirement = {
				kind = upToNextMajorVersion;
				minimumVersion = 7.0.0;
			};
		};
/* End XCRemoteSwiftPackageReference section */

/* Begin XCSwiftPackageProductDependency section */
		32F4B4C92729ECD800D586A3 /* Alamofire */ = {
			isa = XCSwiftPackageProductDependency;
			package = 32F4B4C82729ECD800D586A3 /* XCRemoteSwiftPackageReference "Alamofire" */;
			productName = Alamofire;
		};
		32F4B4CE2729EE7B00D586A3 /* Kingfisher */ = {
			isa = XCSwiftPackageProductDependency;
			package = 32F4B4CD2729EE7B00D586A3 /* XCRemoteSwiftPackageReference "Kingfisher" */;
			productName = Kingfisher;
		};
/* End XCSwiftPackageProductDependency section */
	};
	rootObject = 32F4B4AF2729E9A500D586A3 /* Project object */;
}
