// !$*UTF8*$!
{
	archiveVersion = 1;
	classes = {
	};
	objectVersion = 55;
	objects = {

/* Begin PBXBuildFile section */
		328F71DE271F9467001B82AF /* App10_ImagePuzzleApp.swift in Sources */ = {isa = PBXBuildFile; fileRef = 328F71DD271F9467001B82AF /* App10_ImagePuzzleApp.swift */; };
		328F71E0271F9467001B82AF /* ImagePuzzleView.swift in Sources */ = {isa = PBXBuildFile; fileRef = 328F71DF271F9467001B82AF /* ImagePuzzleView.swift */; };
		328F71E2271F9468001B82AF /* Assets.xcassets in Resources */ = {isa = PBXBuildFile; fileRef = 328F71E1271F9468001B82AF /* Assets.xcassets */; };
		328F71E5271F9468001B82AF /* Preview Assets.xcassets in Resources */ = {isa = PBXBuildFile; fileRef = 328F71E4271F9468001B82AF /* Preview Assets.xcassets */; };
		328F71EC271F9526001B82AF /* Img.swift in Sources */ = {isa = PBXBuildFile; fileRef = 328F71EB271F9526001B82AF /* Img.swift */; };
		328F71EE271F9555001B82AF /* ImageModel.swift in Sources */ = {isa = PBXBuildFile; fileRef = 328F71ED271F9555001B82AF /* ImageModel.swift */; };
		328F71F0271F96F5001B82AF /* GridView.swift in Sources */ = {isa = PBXBuildFile; fileRef = 328F71EF271F96F5001B82AF /* GridView.swift */; };
		328F71F2271F9DF4001B82AF /* DropImageDelegate.swift in Sources */ = {isa = PBXBuildFile; fileRef = 328F71F1271F9DF4001B82AF /* DropImageDelegate.swift */; };
/* End PBXBuildFile section */

/* Begin PBXFileReference section */
		328F71DA271F9467001B82AF /* App10-ImagePuzzle.app */ = {isa = PBXFileReference; explicitFileType = wrapper.application; includeInIndex = 0; path = "App10-ImagePuzzle.app"; sourceTree = BUILT_PRODUCTS_DIR; };
		328F71DD271F9467001B82AF /* App10_ImagePuzzleApp.swift */ = {isa = PBXFileReference; lastKnownFileType = sourcecode.swift; path = App10_ImagePuzzleApp.swift; sourceTree = "<group>"; };
		328F71DF271F9467001B82AF /* ImagePuzzleView.swift */ = {isa = PBXFileReference; lastKnownFileType = sourcecode.swift; path = ImagePuzzleView.swift; sourceTree = "<group>"; };
		328F71E1271F9468001B82AF /* Assets.xcassets */ = {isa = PBXFileReference; lastKnownFileType = folder.assetcatalog; path = Assets.xcassets; sourceTree = "<group>"; };
		328F71E4271F9468001B82AF /* Preview Assets.xcassets */ = {isa = PBXFileReference; lastKnownFileType = folder.assetcatalog; path = "Preview Assets.xcassets"; sourceTree = "<group>"; };
		328F71EB271F9526001B82AF /* Img.swift */ = {isa = PBXFileReference; lastKnownFileType = sourcecode.swift; path = Img.swift; sourceTree = "<group>"; };
		328F71ED271F9555001B82AF /* ImageModel.swift */ = {isa = PBXFileReference; lastKnownFileType = sourcecode.swift; path = ImageModel.swift; sourceTree = "<group>"; };
		328F71EF271F96F5001B82AF /* GridView.swift */ = {isa = PBXFileReference; lastKnownFileType = sourcecode.swift; path = GridView.swift; sourceTree = "<group>"; };
		328F71F1271F9DF4001B82AF /* DropImageDelegate.swift */ = {isa = PBXFileReference; lastKnownFileType = sourcecode.swift; path = DropImageDelegate.swift; sourceTree = "<group>"; };
/* End PBXFileReference section */

/* Begin PBXFrameworksBuildPhase section */
		328F71D7271F9467001B82AF /* Frameworks */ = {
			isa = PBXFrameworksBuildPhase;
			buildActionMask = 2147483647;
			files = (
			);
			runOnlyForDeploymentPostprocessing = 0;
		};
/* End PBXFrameworksBuildPhase section */

/* Begin PBXGroup section */
		328F71D1271F9467001B82AF = {
			isa = PBXGroup;
			children = (
				328F71DC271F9467001B82AF /* App10-ImagePuzzle */,
				328F71DB271F9467001B82AF /* Products */,
			);
			sourceTree = "<group>";
		};
		328F71DB271F9467001B82AF /* Products */ = {
			isa = PBXGroup;
			children = (
				328F71DA271F9467001B82AF /* App10-ImagePuzzle.app */,
			);
			name = Products;
			sourceTree = "<group>";
		};
		328F71DC271F9467001B82AF /* App10-ImagePuzzle */ = {
			isa = PBXGroup;
			children = (
				328F71DD271F9467001B82AF /* App10_ImagePuzzleApp.swift */,
				328F71DF271F9467001B82AF /* ImagePuzzleView.swift */,
				328F71F1271F9DF4001B82AF /* DropImageDelegate.swift */,
				328F71EF271F96F5001B82AF /* GridView.swift */,
				328F71E1271F9468001B82AF /* Assets.xcassets */,
				328F71EB271F9526001B82AF /* Img.swift */,
				328F71ED271F9555001B82AF /* ImageModel.swift */,
				328F71E3271F9468001B82AF /* Preview Content */,
			);
			path = "App10-ImagePuzzle";
			sourceTree = "<group>";
		};
		328F71E3271F9468001B82AF /* Preview Content */ = {
			isa = PBXGroup;
			children = (
				328F71E4271F9468001B82AF /* Preview Assets.xcassets */,
			);
			path = "Preview Content";
			sourceTree = "<group>";
		};
/* End PBXGroup section */

/* Begin PBXNativeTarget section */
		328F71D9271F9467001B82AF /* App10-ImagePuzzle */ = {
			isa = PBXNativeTarget;
			buildConfigurationList = 328F71E8271F9468001B82AF /* Build configuration list for PBXNativeTarget "App10-ImagePuzzle" */;
			buildPhases = (
				328F71D6271F9467001B82AF /* Sources */,
				328F71D7271F9467001B82AF /* Frameworks */,
				328F71D8271F9467001B82AF /* Resources */,
			);
			buildRules = (
			);
			dependencies = (
			);
			name = "App10-ImagePuzzle";
			productName = "App10-ImagePuzzle";
			productReference = 328F71DA271F9467001B82AF /* App10-ImagePuzzle.app */;
			productType = "com.apple.product-type.application";
		};
/* End PBXNativeTarget section */

/* Begin PBXProject section */
		328F71D2271F9467001B82AF /* Project object */ = {
			isa = PBXProject;
			attributes = {
				BuildIndependentTargetsInParallel = 1;
				LastSwiftUpdateCheck = 1300;
				LastUpgradeCheck = 1300;
				TargetAttributes = {
					328F71D9271F9467001B82AF = {
						CreatedOnToolsVersion = 13.0;
					};
				};
			};
			buildConfigurationList = 328F71D5271F9467001B82AF /* Build configuration list for PBXProject "App10-ImagePuzzle" */;
			compatibilityVersion = "Xcode 13.0";
			developmentRegion = en;
			hasScannedForEncodings = 0;
			knownRegions = (
				en,
				Base,
			);
			mainGroup = 328F71D1271F9467001B82AF;
			productRefGroup = 328F71DB271F9467001B82AF /* Products */;
			projectDirPath = "";
			projectRoot = "";
			targets = (
				328F71D9271F9467001B82AF /* App10-ImagePuzzle */,
			);
		};
/* End PBXProject section */

/* Begin PBXResourcesBuildPhase section */
		328F71D8271F9467001B82AF /* Resources */ = {
			isa = PBXResourcesBuildPhase;
			buildActionMask = 2147483647;
			files = (
				328F71E5271F9468001B82AF /* Preview Assets.xcassets in Resources */,
				328F71E2271F9468001B82AF /* Assets.xcassets in Resources */,
			);
			runOnlyForDeploymentPostprocessing = 0;
		};
/* End PBXResourcesBuildPhase section */

/* Begin PBXSourcesBuildPhase section */
		328F71D6271F9467001B82AF /* Sources */ = {
			isa = PBXSourcesBuildPhase;
			buildActionMask = 2147483647;
			files = (
				328F71EC271F9526001B82AF /* Img.swift in Sources */,
				328F71E0271F9467001B82AF /* ImagePuzzleView.swift in Sources */,
				328F71DE271F9467001B82AF /* App10_ImagePuzzleApp.swift in Sources */,
				328F71F0271F96F5001B82AF /* GridView.swift in Sources */,
				328F71EE271F9555001B82AF /* ImageModel.swift in Sources */,
				328F71F2271F9DF4001B82AF /* DropImageDelegate.swift in Sources */,
			);
			runOnlyForDeploymentPostprocessing = 0;
		};
/* End PBXSourcesBuildPhase section */

/* Begin XCBuildConfiguration section */
		328F71E6271F9468001B82AF /* Debug */ = {
			isa = XCBuildConfiguration;
			buildSettings = {
				ALWAYS_SEARCH_USER_PATHS = NO;
				CLANG_ANALYZER_NONNULL = YES;
				CLANG_ANALYZER_NUMBER_OBJECT_CONVERSION = YES_AGGRESSIVE;
				CLANG_CXX_LANGUAGE_STANDARD = "gnu++17";
				CLANG_CXX_LIBRARY = "libc++";
				CLANG_ENABLE_MODULES = YES;
				CLANG_ENABLE_OBJC_ARC = YES;
				CLANG_ENABLE_OBJC_WEAK = YES;
				CLANG_WARN_BLOCK_CAPTURE_AUTORELEASING = YES;
				CLANG_WARN_BOOL_CONVERSION = YES;
				CLANG_WARN_COMMA = YES;
				CLANG_WARN_CONSTANT_CONVERSION = YES;
				CLANG_WARN_DEPRECATED_OBJC_IMPLEMENTATIONS = YES;
				CLANG_WARN_DIRECT_OBJC_ISA_USAGE = YES_ERROR;
				CLANG_WARN_DOCUMENTATION_COMMENTS = YES;
				CLANG_WARN_EMPTY_BODY = YES;
				CLANG_WARN_ENUM_CONVERSION = YES;
				CLANG_WARN_INFINITE_RECURSION = YES;
				CLANG_WARN_INT_CONVERSION = YES;
				CLANG_WARN_NON_LITERAL_NULL_CONVERSION = YES;
				CLANG_WARN_OBJC_IMPLICIT_RETAIN_SELF = YES;
				CLANG_WARN_OBJC_LITERAL_CONVERSION = YES;
				CLANG_WARN_OBJC_ROOT_CLASS = YES_ERROR;
				CLANG_WARN_QUOTED_INCLUDE_IN_FRAMEWORK_HEADER = YES;
				CLANG_WARN_RANGE_LOOP_ANALYSIS = YES;
				CLANG_WARN_STRICT_PROTOTYPES = YES;
				CLANG_WARN_SUSPICIOUS_MOVE = YES;
				CLANG_WARN_UNGUARDED_AVAILABILITY = YES_AGGRESSIVE;
				CLANG_WARN_UNREACHABLE_CODE = YES;
				CLANG_WARN__DUPLICATE_METHOD_MATCH = YES;
				COPY_PHASE_STRIP = NO;
				DEBUG_INFORMATION_FORMAT = dwarf;
				ENABLE_STRICT_OBJC_MSGSEND = YES;
				ENABLE_TESTABILITY = YES;
				GCC_C_LANGUAGE_STANDARD = gnu11;
				GCC_DYNAMIC_NO_PIC = NO;
				GCC_NO_COMMON_BLOCKS = YES;
				GCC_OPTIMIZATION_LEVEL = 0;
				GCC_PREPROCESSOR_DEFINITIONS = (
					"DEBUG=1",
					"$(inherited)",
				);
				GCC_WARN_64_TO_32_BIT_CONVERSION = YES;
				GCC_WARN_ABOUT_RETURN_TYPE = YES_ERROR;
				GCC_WARN_UNDECLARED_SELECTOR = YES;
				GCC_WARN_UNINITIALIZED_AUTOS = YES_AGGRESSIVE;
				GCC_WARN_UNUSED_FUNCTION = YES;
				GCC_WARN_UNUSED_VARIABLE = YES;
				IPHONEOS_DEPLOYMENT_TARGET = 15.0;
				MTL_ENABLE_DEBUG_INFO = INCLUDE_SOURCE;
				MTL_FAST_MATH = YES;
				ONLY_ACTIVE_ARCH = YES;
				SDKROOT = iphoneos;
				SWIFT_ACTIVE_COMPILATION_CONDITIONS = DEBUG;
				SWIFT_OPTIMIZATION_LEVEL = "-Onone";
			};
			name = Debug;
		};
		328F71E7271F9468001B82AF /* Release */ = {
			isa = XCBuildConfiguration;
			buildSettings = {
				ALWAYS_SEARCH_USER_PATHS = NO;
				CLANG_ANALYZER_NONNULL = YES;
				CLANG_ANALYZER_NUMBER_OBJECT_CONVERSION = YES_AGGRESSIVE;
				CLANG_CXX_LANGUAGE_STANDARD = "gnu++17";
				CLANG_CXX_LIBRARY = "libc++";
				CLANG_ENABLE_MODULES = YES;
				CLANG_ENABLE_OBJC_ARC = YES;
				CLANG_ENABLE_OBJC_WEAK = YES;
				CLANG_WARN_BLOCK_CAPTURE_AUTORELEASING = YES;
				CLANG_WARN_BOOL_CONVERSION = YES;
				CLANG_WARN_COMMA = YES;
				CLANG_WARN_CONSTANT_CONVERSION = YES;
				CLANG_WARN_DEPRECATED_OBJC_IMPLEMENTATIONS = YES;
				CLANG_WARN_DIRECT_OBJC_ISA_USAGE = YES_ERROR;
				CLANG_WARN_DOCUMENTATION_COMMENTS = YES;
				CLANG_WARN_EMPTY_BODY = YES;
				CLANG_WARN_ENUM_CONVERSION = YES;
				CLANG_WARN_INFINITE_RECURSION = YES;
				CLANG_WARN_INT_CONVERSION = YES;
				CLANG_WARN_NON_LITERAL_NULL_CONVERSION = YES;
				CLANG_WARN_OBJC_IMPLICIT_RETAIN_SELF = YES;
				CLANG_WARN_OBJC_LITERAL_CONVERSION = YES;
				CLANG_WARN_OBJC_ROOT_CLASS = YES_ERROR;
				CLANG_WARN_QUOTED_INCLUDE_IN_FRAMEWORK_HEADER = YES;
				CLANG_WARN_RANGE_LOOP_ANALYSIS = YES;
				CLANG_WARN_STRICT_PROTOTYPES = YES;
				CLANG_WARN_SUSPICIOUS_MOVE = YES;
				CLANG_WARN_UNGUARDED_AVAILABILITY = YES_AGGRESSIVE;
				CLANG_WARN_UNREACHABLE_CODE = YES;
				CLANG_WARN__DUPLICATE_METHOD_MATCH = YES;
				COPY_PHASE_STRIP = NO;
				DEBUG_INFORMATION_FORMAT = "dwarf-with-dsym";
				ENABLE_NS_ASSERTIONS = NO;
				ENABLE_STRICT_OBJC_MSGSEND = YES;
				GCC_C_LANGUAGE_STANDARD = gnu11;
				GCC_NO_COMMON_BLOCKS = YES;
				GCC_WARN_64_TO_32_BIT_CONVERSION = YES;
				GCC_WARN_ABOUT_RETURN_TYPE = YES_ERROR;
				GCC_WARN_UNDECLARED_SELECTOR = YES;
				GCC_WARN_UNINITIALIZED_AUTOS = YES_AGGRESSIVE;
				GCC_WARN_UNUSED_FUNCTION = YES;
				GCC_WARN_UNUSED_VARIABLE = YES;
				IPHONEOS_DEPLOYMENT_TARGET = 15.0;
				MTL_ENABLE_DEBUG_INFO = NO;
				MTL_FAST_MATH = YES;
				SDKROOT = iphoneos;
				SWIFT_COMPILATION_MODE = wholemodule;
				SWIFT_OPTIMIZATION_LEVEL = "-O";
				VALIDATE_PRODUCT = YES;
			};
			name = Release;
		};
		328F71E9271F9468001B82AF /* Debug */ = {
			isa = XCBuildConfiguration;
			buildSettings = {
				ASSETCATALOG_COMPILER_APPICON_NAME = AppIcon;
				ASSETCATALOG_COMPILER_GLOBAL_ACCENT_COLOR_NAME = AccentColor;
				CODE_SIGN_STYLE = Automatic;
				CURRENT_PROJECT_VERSION = 1;
				DEVELOPMENT_ASSET_PATHS = "\"App10-ImagePuzzle/Preview Content\"";
				DEVELOPMENT_TEAM = J97L2A8AMM;
				ENABLE_PREVIEWS = YES;
				GENERATE_INFOPLIST_FILE = YES;
				INFOPLIST_KEY_UIApplicationSceneManifest_Generation = YES;
				INFOPLIST_KEY_UIApplicationSupportsIndirectInputEvents = YES;
				INFOPLIST_KEY_UILaunchScreen_Generation = YES;
				INFOPLIST_KEY_UISupportedInterfaceOrientations_iPad = "UIInterfaceOrientationPortrait UIInterfaceOrientationPortraitUpsideDown UIInterfaceOrientationLandscapeLeft UIInterfaceOrientationLandscapeRight";
				INFOPLIST_KEY_UISupportedInterfaceOrientations_iPhone = "UIInterfaceOrientationPortrait UIInterfaceOrientationLandscapeLeft UIInterfaceOrientationLandscapeRight";
				IPHONEOS_DEPLOYMENT_TARGET = 14.0;
				LD_RUNPATH_SEARCH_PATHS = (
					"$(inherited)",
					"@executable_path/Frameworks",
				);
				MARKETING_VERSION = 1.0;
				PRODUCT_BUNDLE_IDENTIFIER = "A00189239.App10-ImagePuzzle";
				PRODUCT_NAME = "$(TARGET_NAME)";
				SWIFT_EMIT_LOC_STRINGS = YES;
				SWIFT_VERSION = 5.0;
				TARGETED_DEVICE_FAMILY = "1,2";
			};
			name = Debug;
		};
		328F71EA271F9468001B82AF /* Release */ = {
			isa = XCBuildConfiguration;
			buildSettings = {
				ASSETCATALOG_COMPILER_APPICON_NAME = AppIcon;
				ASSETCATALOG_COMPILER_GLOBAL_ACCENT_COLOR_NAME = AccentColor;
				CODE_SIGN_STYLE = Automatic;
				CURRENT_PROJECT_VERSION = 1;
				DEVELOPMENT_ASSET_PATHS = "\"App10-ImagePuzzle/Preview Content\"";
				DEVELOPMENT_TEAM = J97L2A8AMM;
				ENABLE_PREVIEWS = YES;
				GENERATE_INFOPLIST_FILE = YES;
				INFOPLIST_KEY_UIApplicationSceneManifest_Generation = YES;
				INFOPLIST_KEY_UIApplicationSupportsIndirectInputEvents = YES;
				INFOPLIST_KEY_UILaunchScreen_Generation = YES;
				INFOPLIST_KEY_UISupportedInterfaceOrientations_iPad = "UIInterfaceOrientationPortrait UIInterfaceOrientationPortraitUpsideDown UIInterfaceOrientationLandscapeLeft UIInterfaceOrientationLandscapeRight";
				INFOPLIST_KEY_UISupportedInterfaceOrientations_iPhone = "UIInterfaceOrientationPortrait UIInterfaceOrientationLandscapeLeft UIInterfaceOrientationLandscapeRight";
				IPHONEOS_DEPLOYMENT_TARGET = 14.0;
				LD_RUNPATH_SEARCH_PATHS = (
					"$(inherited)",
					"@executable_path/Frameworks",
				);
				MARKETING_VERSION = 1.0;
				PRODUCT_BUNDLE_IDENTIFIER = "A00189239.App10-ImagePuzzle";
				PRODUCT_NAME = "$(TARGET_NAME)";
				SWIFT_EMIT_LOC_STRINGS = YES;
				SWIFT_VERSION = 5.0;
				TARGETED_DEVICE_FAMILY = "1,2";
			};
			name = Release;
		};
/* End XCBuildConfiguration section */

/* Begin XCConfigurationList section */
		328F71D5271F9467001B82AF /* Build configuration list for PBXProject "App10-ImagePuzzle" */ = {
			isa = XCConfigurationList;
			buildConfigurations = (
				328F71E6271F9468001B82AF /* Debug */,
				328F71E7271F9468001B82AF /* Release */,
			);
			defaultConfigurationIsVisible = 0;
			defaultConfigurationName = Release;
		};
		328F71E8271F9468001B82AF /* Build configuration list for PBXNativeTarget "App10-ImagePuzzle" */ = {
			isa = XCConfigurationList;
			buildConfigurations = (
				328F71E9271F9468001B82AF /* Debug */,
				328F71EA271F9468001B82AF /* Release */,
			);
			defaultConfigurationIsVisible = 0;
			defaultConfigurationName = Release;
		};
/* End XCConfigurationList section */
	};
	rootObject = 328F71D2271F9467001B82AF /* Project object */;
}
